// !$*UTF8*$!
{
	archiveVersion = 1;
	classes = {
	};
	objectVersion = 55;
	objects = {

/* Begin PBXBuildFile section */
		6AB8CB342758837D00B3E44A /* APIConstants.swift in Sources */ = {isa = PBXBuildFile; fileRef = 6AB8CB332758837D00B3E44A /* APIConstants.swift */; };
		6AB8CB39275883C400B3E44A /* Quote.swift in Sources */ = {isa = PBXBuildFile; fileRef = 6AB8CB38275883C400B3E44A /* Quote.swift */; };
		6AB8CB3C2758846900B3E44A /* QuotesScreen.swift in Sources */ = {isa = PBXBuildFile; fileRef = 6AB8CB3B2758846900B3E44A /* QuotesScreen.swift */; };
		6AB8CB3F2758910E00B3E44A /* QuoteView.swift in Sources */ = {isa = PBXBuildFile; fileRef = 6AB8CB3E2758910D00B3E44A /* QuoteView.swift */; };
		6AB8CB422758921A00B3E44A /* QuotesService.swift in Sources */ = {isa = PBXBuildFile; fileRef = 6AB8CB412758921A00B3E44A /* QuotesService.swift */; };
		6AB8CB452758931800B3E44A /* QuotesViewModel.swift in Sources */ = {isa = PBXBuildFile; fileRef = 6AB8CB442758931800B3E44A /* QuotesViewModel.swift */; };
		6AB8CB4A2758958700B3E44A /* LoadingView.swift in Sources */ = {isa = PBXBuildFile; fileRef = 6AB8CB492758958700B3E44A /* LoadingView.swift */; };
		6AB8CB5A2758B14300B3E44A /* QuotesViewModel.swift in Sources */ = {isa = PBXBuildFile; fileRef = 6AB8CB442758931800B3E44A /* QuotesViewModel.swift */; };
		6AB8CB5B2758B14700B3E44A /* QuotesService.swift in Sources */ = {isa = PBXBuildFile; fileRef = 6AB8CB412758921A00B3E44A /* QuotesService.swift */; };
		6AB8CB5C2758B14B00B3E44A /* Quote.swift in Sources */ = {isa = PBXBuildFile; fileRef = 6AB8CB38275883C400B3E44A /* Quote.swift */; };
		6AB8CB5D2758B15200B3E44A /* APIConstants.swift in Sources */ = {isa = PBXBuildFile; fileRef = 6AB8CB332758837D00B3E44A /* APIConstants.swift */; };
		6AB8CB5F2758B36000B3E44A /* AysnAwaitIntegrationTests.swift in Sources */ = {isa = PBXBuildFile; fileRef = 6AB8CB5E2758B36000B3E44A /* AysnAwaitIntegrationTests.swift */; };
		6AF2B5162758820F005A9B5C /* AsyncAwaitWithMVVMApp.swift in Sources */ = {isa = PBXBuildFile; fileRef = 6AF2B5152758820F005A9B5C /* AsyncAwaitWithMVVMApp.swift */; };
		6AF2B51A27588215005A9B5C /* Assets.xcassets in Resources */ = {isa = PBXBuildFile; fileRef = 6AF2B51927588215005A9B5C /* Assets.xcassets */; };
		6AF2B51D27588215005A9B5C /* Preview Assets.xcassets in Resources */ = {isa = PBXBuildFile; fileRef = 6AF2B51C27588215005A9B5C /* Preview Assets.xcassets */; };
/* End PBXBuildFile section */

/* Begin PBXContainerItemProxy section */
		6AB8CB542758AFAF00B3E44A /* PBXContainerItemProxy */ = {
			isa = PBXContainerItemProxy;
			containerPortal = 6AF2B50A2758820E005A9B5C /* Project object */;
			proxyType = 1;
			remoteGlobalIDString = 6AF2B5112758820E005A9B5C;
			remoteInfo = AsyncAwaitWithMVVM;
		};
/* End PBXContainerItemProxy section */

/* Begin PBXFileReference section */
		6AB8CB332758837D00B3E44A /* APIConstants.swift */ = {isa = PBXFileReference; lastKnownFileType = sourcecode.swift; path = APIConstants.swift; sourceTree = "<group>"; };
		6AB8CB38275883C400B3E44A /* Quote.swift */ = {isa = PBXFileReference; lastKnownFileType = sourcecode.swift; path = Quote.swift; sourceTree = "<group>"; };
		6AB8CB3B2758846900B3E44A /* QuotesScreen.swift */ = {isa = PBXFileReference; lastKnownFileType = sourcecode.swift; path = QuotesScreen.swift; sourceTree = "<group>"; };
		6AB8CB3E2758910D00B3E44A /* QuoteView.swift */ = {isa = PBXFileReference; lastKnownFileType = sourcecode.swift; path = QuoteView.swift; sourceTree = "<group>"; };
		6AB8CB412758921A00B3E44A /* QuotesService.swift */ = {isa = PBXFileReference; lastKnownFileType = sourcecode.swift; path = QuotesService.swift; sourceTree = "<group>"; };
		6AB8CB442758931800B3E44A /* QuotesViewModel.swift */ = {isa = PBXFileReference; lastKnownFileType = sourcecode.swift; path = QuotesViewModel.swift; sourceTree = "<group>"; };
		6AB8CB492758958700B3E44A /* LoadingView.swift */ = {isa = PBXFileReference; lastKnownFileType = sourcecode.swift; path = LoadingView.swift; sourceTree = "<group>"; };
		6AB8CB502758AFAF00B3E44A /* AsyncAwaitWithMVVMTests.xctest */ = {isa = PBXFileReference; explicitFileType = wrapper.cfbundle; includeInIndex = 0; path = AsyncAwaitWithMVVMTests.xctest; sourceTree = BUILT_PRODUCTS_DIR; };
		6AB8CB5E2758B36000B3E44A /* AysnAwaitIntegrationTests.swift */ = {isa = PBXFileReference; lastKnownFileType = sourcecode.swift; path = AysnAwaitIntegrationTests.swift; sourceTree = "<group>"; };
		6AF2B5122758820E005A9B5C /* AsyncAwaitWithMVVM.app */ = {isa = PBXFileReference; explicitFileType = wrapper.application; includeInIndex = 0; path = AsyncAwaitWithMVVM.app; sourceTree = BUILT_PRODUCTS_DIR; };
		6AF2B5152758820F005A9B5C /* AsyncAwaitWithMVVMApp.swift */ = {isa = PBXFileReference; lastKnownFileType = sourcecode.swift; path = AsyncAwaitWithMVVMApp.swift; sourceTree = "<group>"; };
		6AF2B51927588215005A9B5C /* Assets.xcassets */ = {isa = PBXFileReference; lastKnownFileType = folder.assetcatalog; path = Assets.xcassets; sourceTree = "<group>"; };
		6AF2B51C27588215005A9B5C /* Preview Assets.xcassets */ = {isa = PBXFileReference; lastKnownFileType = folder.assetcatalog; path = "Preview Assets.xcassets"; sourceTree = "<group>"; };
/* End PBXFileReference section */

/* Begin PBXFrameworksBuildPhase section */
		6AB8CB4D2758AFAF00B3E44A /* Frameworks */ = {
			isa = PBXFrameworksBuildPhase;
			buildActionMask = 2147483647;
			files = (
			);
			runOnlyForDeploymentPostprocessing = 0;
		};
		6AF2B50F2758820E005A9B5C /* Frameworks */ = {
			isa = PBXFrameworksBuildPhase;
			buildActionMask = 2147483647;
			files = (
			);
			runOnlyForDeploymentPostprocessing = 0;
		};
/* End PBXFrameworksBuildPhase section */

/* Begin PBXGroup section */
		6AB8CB322758836C00B3E44A /* Constants */ = {
			isa = PBXGroup;
			children = (
				6AB8CB332758837D00B3E44A /* APIConstants.swift */,
			);
			path = Constants;
			sourceTree = "<group>";
		};
		6AB8CB352758839F00B3E44A /* Feature */ = {
			isa = PBXGroup;
			children = (
				6AB8CB36275883AF00B3E44A /* Quotes */,
			);
			path = Feature;
			sourceTree = "<group>";
		};
		6AB8CB36275883AF00B3E44A /* Quotes */ = {
			isa = PBXGroup;
			children = (
				6AB8CB432758930900B3E44A /* ViewModel */,
				6AB8CB402758920B00B3E44A /* Service */,
				6AB8CB3D275890FE00B3E44A /* Views */,
				6AB8CB3A2758845600B3E44A /* Screen */,
				6AB8CB37275883B800B3E44A /* Model */,
			);
			path = Quotes;
			sourceTree = "<group>";
		};
		6AB8CB37275883B800B3E44A /* Model */ = {
			isa = PBXGroup;
			children = (
				6AB8CB38275883C400B3E44A /* Quote.swift */,
			);
			path = Model;
			sourceTree = "<group>";
		};
		6AB8CB3A2758845600B3E44A /* Screen */ = {
			isa = PBXGroup;
			children = (
				6AB8CB3B2758846900B3E44A /* QuotesScreen.swift */,
			);
			path = Screen;
			sourceTree = "<group>";
		};
		6AB8CB3D275890FE00B3E44A /* Views */ = {
			isa = PBXGroup;
			children = (
				6AB8CB3E2758910D00B3E44A /* QuoteView.swift */,
			);
			path = Views;
			sourceTree = "<group>";
		};
		6AB8CB402758920B00B3E44A /* Service */ = {
			isa = PBXGroup;
			children = (
				6AB8CB412758921A00B3E44A /* QuotesService.swift */,
			);
			path = Service;
			sourceTree = "<group>";
		};
		6AB8CB432758930900B3E44A /* ViewModel */ = {
			isa = PBXGroup;
			children = (
				6AB8CB442758931800B3E44A /* QuotesViewModel.swift */,
			);
			path = ViewModel;
			sourceTree = "<group>";
		};
		6AB8CB462758956B00B3E44A /* Base */ = {
			isa = PBXGroup;
			children = (
				6AB8CB322758836C00B3E44A /* Constants */,
				6AB8CB472758957300B3E44A /* Views */,
			);
			path = Base;
			sourceTree = "<group>";
		};
		6AB8CB472758957300B3E44A /* Views */ = {
			isa = PBXGroup;
			children = (
				6AB8CB482758957800B3E44A /* LoadingView */,
			);
			path = Views;
			sourceTree = "<group>";
		};
		6AB8CB482758957800B3E44A /* LoadingView */ = {
			isa = PBXGroup;
			children = (
				6AB8CB492758958700B3E44A /* LoadingView.swift */,
			);
			path = LoadingView;
			sourceTree = "<group>";
		};
		6AB8CB512758AFAF00B3E44A /* AsyncAwaitWithMVVMTests */ = {
			isa = PBXGroup;
			children = (
				6AB8CB592758AFBB00B3E44A /* Integration Test */,
			);
			path = AsyncAwaitWithMVVMTests;
			sourceTree = "<group>";
		};
		6AB8CB592758AFBB00B3E44A /* Integration Test */ = {
			isa = PBXGroup;
			children = (
				6AB8CB5E2758B36000B3E44A /* AysnAwaitIntegrationTests.swift */,
			);
			path = "Integration Test";
			sourceTree = "<group>";
		};
		6AF2B5092758820E005A9B5C = {
			isa = PBXGroup;
			children = (
				6AF2B5142758820E005A9B5C /* AsyncAwaitWithMVVM */,
				6AB8CB512758AFAF00B3E44A /* AsyncAwaitWithMVVMTests */,
				6AF2B5132758820E005A9B5C /* Products */,
			);
			sourceTree = "<group>";
		};
		6AF2B5132758820E005A9B5C /* Products */ = {
			isa = PBXGroup;
			children = (
				6AF2B5122758820E005A9B5C /* AsyncAwaitWithMVVM.app */,
				6AB8CB502758AFAF00B3E44A /* AsyncAwaitWithMVVMTests.xctest */,
			);
			name = Products;
			sourceTree = "<group>";
		};
		6AF2B5142758820E005A9B5C /* AsyncAwaitWithMVVM */ = {
			isa = PBXGroup;
			children = (
				6AB8CB462758956B00B3E44A /* Base */,
				6AB8CB352758839F00B3E44A /* Feature */,
				6AF2B5152758820F005A9B5C /* AsyncAwaitWithMVVMApp.swift */,
				6AF2B51927588215005A9B5C /* Assets.xcassets */,
				6AF2B51B27588215005A9B5C /* Preview Content */,
			);
			path = AsyncAwaitWithMVVM;
			sourceTree = "<group>";
		};
		6AF2B51B27588215005A9B5C /* Preview Content */ = {
			isa = PBXGroup;
			children = (
				6AF2B51C27588215005A9B5C /* Preview Assets.xcassets */,
			);
			path = "Preview Content";
			sourceTree = "<group>";
		};
/* End PBXGroup section */

/* Begin PBXNativeTarget section */
		6AB8CB4F2758AFAF00B3E44A /* AsyncAwaitWithMVVMTests */ = {
			isa = PBXNativeTarget;
			buildConfigurationList = 6AB8CB582758AFAF00B3E44A /* Build configuration list for PBXNativeTarget "AsyncAwaitWithMVVMTests" */;
			buildPhases = (
				6AB8CB4C2758AFAF00B3E44A /* Sources */,
				6AB8CB4D2758AFAF00B3E44A /* Frameworks */,
				6AB8CB4E2758AFAF00B3E44A /* Resources */,
			);
			buildRules = (
			);
			dependencies = (
				6AB8CB552758AFAF00B3E44A /* PBXTargetDependency */,
			);
			name = AsyncAwaitWithMVVMTests;
			productName = AsyncAwaitWithMVVMTests;
			productReference = 6AB8CB502758AFAF00B3E44A /* AsyncAwaitWithMVVMTests.xctest */;
			productType = "com.apple.product-type.bundle.unit-test";
		};
		6AF2B5112758820E005A9B5C /* AsyncAwaitWithMVVM */ = {
			isa = PBXNativeTarget;
			buildConfigurationList = 6AF2B52027588215005A9B5C /* Build configuration list for PBXNativeTarget "AsyncAwaitWithMVVM" */;
			buildPhases = (
				6AF2B50E2758820E005A9B5C /* Sources */,
				6AF2B50F2758820E005A9B5C /* Frameworks */,
				6AF2B5102758820E005A9B5C /* Resources */,
			);
			buildRules = (
			);
			dependencies = (
			);
			name = AsyncAwaitWithMVVM;
			productName = AsyncAwaitWithMVVM;
			productReference = 6AF2B5122758820E005A9B5C /* AsyncAwaitWithMVVM.app */;
			productType = "com.apple.product-type.application";
		};
/* End PBXNativeTarget section */

/* Begin PBXProject section */
		6AF2B50A2758820E005A9B5C /* Project object */ = {
			isa = PBXProject;
			attributes = {
				BuildIndependentTargetsInParallel = 1;
				LastSwiftUpdateCheck = 1300;
				LastUpgradeCheck = 1300;
				TargetAttributes = {
					6AB8CB4F2758AFAF00B3E44A = {
						CreatedOnToolsVersion = 13.0;
						TestTargetID = 6AF2B5112758820E005A9B5C;
					};
					6AF2B5112758820E005A9B5C = {
						CreatedOnToolsVersion = 13.0;
					};
				};
			};
			buildConfigurationList = 6AF2B50D2758820E005A9B5C /* Build configuration list for PBXProject "AsyncAwaitWithMVVM" */;
			compatibilityVersion = "Xcode 13.0";
			developmentRegion = en;
			hasScannedForEncodings = 0;
			knownRegions = (
				en,
				Base,
			);
			mainGroup = 6AF2B5092758820E005A9B5C;
			productRefGroup = 6AF2B5132758820E005A9B5C /* Products */;
			projectDirPath = "";
			projectRoot = "";
			targets = (
				6AF2B5112758820E005A9B5C /* AsyncAwaitWithMVVM */,
				6AB8CB4F2758AFAF00B3E44A /* AsyncAwaitWithMVVMTests */,
			);
		};
/* End PBXProject section */

/* Begin PBXResourcesBuildPhase section */
		6AB8CB4E2758AFAF00B3E44A /* Resources */ = {
			isa = PBXResourcesBuildPhase;
			buildActionMask = 2147483647;
			files = (
			);
			runOnlyForDeploymentPostprocessing = 0;
		};
		6AF2B5102758820E005A9B5C /* Resources */ = {
			isa = PBXResourcesBuildPhase;
			buildActionMask = 2147483647;
			files = (
				6AF2B51D27588215005A9B5C /* Preview Assets.xcassets in Resources */,
				6AF2B51A27588215005A9B5C /* Assets.xcassets in Resources */,
			);
			runOnlyForDeploymentPostprocessing = 0;
		};
/* End PBXResourcesBuildPhase section */

/* Begin PBXSourcesBuildPhase section */
		6AB8CB4C2758AFAF00B3E44A /* Sources */ = {
			isa = PBXSourcesBuildPhase;
			buildActionMask = 2147483647;
			files = (
				6AB8CB5C2758B14B00B3E44A /* Quote.swift in Sources */,
				6AB8CB5D2758B15200B3E44A /* APIConstants.swift in Sources */,
				6AB8CB5B2758B14700B3E44A /* QuotesService.swift in Sources */,
				6AB8CB5A2758B14300B3E44A /* QuotesViewModel.swift in Sources */,
				6AB8CB5F2758B36000B3E44A /* AysnAwaitIntegrationTests.swift in Sources */,
			);
			runOnlyForDeploymentPostprocessing = 0;
		};
		6AF2B50E2758820E005A9B5C /* Sources */ = {
			isa = PBXSourcesBuildPhase;
			buildActionMask = 2147483647;
			files = (
				6AB8CB342758837D00B3E44A /* APIConstants.swift in Sources */,
				6AB8CB3F2758910E00B3E44A /* QuoteView.swift in Sources */,
				6AB8CB39275883C400B3E44A /* Quote.swift in Sources */,
				6AB8CB3C2758846900B3E44A /* QuotesScreen.swift in Sources */,
				6AB8CB422758921A00B3E44A /* QuotesService.swift in Sources */,
				6AB8CB4A2758958700B3E44A /* LoadingView.swift in Sources */,
				6AF2B5162758820F005A9B5C /* AsyncAwaitWithMVVMApp.swift in Sources */,
				6AB8CB452758931800B3E44A /* QuotesViewModel.swift in Sources */,
			);
			runOnlyForDeploymentPostprocessing = 0;
		};
/* End PBXSourcesBuildPhase section */

/* Begin PBXTargetDependency section */
		6AB8CB552758AFAF00B3E44A /* PBXTargetDependency */ = {
			isa = PBXTargetDependency;
			target = 6AF2B5112758820E005A9B5C /* AsyncAwaitWithMVVM */;
			targetProxy = 6AB8CB542758AFAF00B3E44A /* PBXContainerItemProxy */;
		};
/* End PBXTargetDependency section */

/* Begin XCBuildConfiguration section */
		6AB8CB562758AFAF00B3E44A /* Debug */ = {
			isa = XCBuildConfiguration;
			buildSettings = {
				BUNDLE_LOADER = "$(TEST_HOST)";
				CODE_SIGN_STYLE = Automatic;
				CURRENT_PROJECT_VERSION = 1;
				DEVELOPMENT_TEAM = J8NYVS8BHV;
				GENERATE_INFOPLIST_FILE = YES;
				LD_RUNPATH_SEARCH_PATHS = (
					"$(inherited)",
					"@executable_path/Frameworks",
					"@loader_path/Frameworks",
				);
				MARKETING_VERSION = 1.0;
				PRODUCT_BUNDLE_IDENTIFIER = com.pradeep.AsyncAwaitWithMVVMTests;
				PRODUCT_NAME = "$(TARGET_NAME)";
				SWIFT_EMIT_LOC_STRINGS = NO;
				SWIFT_VERSION = 5.0;
				TARGETED_DEVICE_FAMILY = "1,2";
				TEST_HOST = "$(BUILT_PRODUCTS_DIR)/AsyncAwaitWithMVVM.app/AsyncAwaitWithMVVM";
			};
			name = Debug;
		};
		6AB8CB572758AFAF00B3E44A /* Release */ = {
			isa = XCBuildConfiguration;
			buildSettings = {
				BUNDLE_LOADER = "$(TEST_HOST)";
				CODE_SIGN_STYLE = Automatic;
				CURRENT_PROJECT_VERSION = 1;
				DEVELOPMENT_TEAM = J8NYVS8BHV;
				GENERATE_INFOPLIST_FILE = YES;
				LD_RUNPATH_SEARCH_PATHS = (
					"$(inherited)",
					"@executable_path/Frameworks",
					"@loader_path/Frameworks",
				);
				MARKETING_VERSION = 1.0;
				PRODUCT_BUNDLE_IDENTIFIER = com.pradeep.AsyncAwaitWithMVVMTests;
				PRODUCT_NAME = "$(TARGET_NAME)";
				SWIFT_EMIT_LOC_STRINGS = NO;
				SWIFT_VERSION = 5.0;
				TARGETED_DEVICE_FAMILY = "1,2";
				TEST_HOST = "$(BUILT_PRODUCTS_DIR)/AsyncAwaitWithMVVM.app/AsyncAwaitWithMVVM";
			};
			name = Release;
		};
		6AF2B51E27588215005A9B5C /* Debug */ = {
			isa = XCBuildConfiguration;
			buildSettings = {
				ALWAYS_SEARCH_USER_PATHS = NO;
				CLANG_ANALYZER_NONNULL = YES;
				CLANG_ANALYZER_NUMBER_OBJECT_CONVERSION = YES_AGGRESSIVE;
				CLANG_CXX_LANGUAGE_STANDARD = "gnu++14";
				CLANG_CXX_LIBRARY = "libc++";
				CLANG_ENABLE_MODULES = YES;
				CLANG_ENABLE_OBJC_ARC = YES;
				CLANG_ENABLE_OBJC_WEAK = YES;
				CLANG_WARN_BLOCK_CAPTURE_AUTORELEASING = YES;
				CLANG_WARN_BOOL_CONVERSION = YES;
				CLANG_WARN_COMMA = YES;
				CLANG_WARN_CONSTANT_CONVERSION = YES;
				CLANG_WARN_DEPRECATED_OBJC_IMPLEMENTATIONS = YES;
				CLANG_WARN_DIRECT_OBJC_ISA_USAGE = YES_ERROR;
				CLANG_WARN_DOCUMENTATION_COMMENTS = YES;
				CLANG_WARN_EMPTY_BODY = YES;
				CLANG_WARN_ENUM_CONVERSION = YES;
				CLANG_WARN_INFINITE_RECURSION = YES;
				CLANG_WARN_INT_CONVERSION = YES;
				CLANG_WARN_NON_LITERAL_NULL_CONVERSION = YES;
				CLANG_WARN_OBJC_IMPLICIT_RETAIN_SELF = YES;
				CLANG_WARN_OBJC_LITERAL_CONVERSION = YES;
				CLANG_WARN_OBJC_ROOT_CLASS = YES_ERROR;
				CLANG_WARN_QUOTED_INCLUDE_IN_FRAMEWORK_HEADER = YES;
				CLANG_WARN_RANGE_LOOP_ANALYSIS = YES;
				CLANG_WARN_STRICT_PROTOTYPES = YES;
				CLANG_WARN_SUSPICIOUS_MOVE = YES;
				CLANG_WARN_UNGUARDED_AVAILABILITY = YES_AGGRESSIVE;
				CLANG_WARN_UNREACHABLE_CODE = YES;
				CLANG_WARN__DUPLICATE_METHOD_MATCH = YES;
				COPY_PHASE_STRIP = NO;
				DEBUG_INFORMATION_FORMAT = dwarf;
				ENABLE_STRICT_OBJC_MSGSEND = YES;
				ENABLE_TESTABILITY = YES;
				GCC_C_LANGUAGE_STANDARD = gnu11;
				GCC_DYNAMIC_NO_PIC = NO;
				GCC_NO_COMMON_BLOCKS = YES;
				GCC_OPTIMIZATION_LEVEL = 0;
				GCC_PREPROCESSOR_DEFINITIONS = (
					"DEBUG=1",
					"$(inherited)",
				);
				GCC_WARN_64_TO_32_BIT_CONVERSION = YES;
				GCC_WARN_ABOUT_RETURN_TYPE = YES_ERROR;
				GCC_WARN_UNDECLARED_SELECTOR = YES;
				GCC_WARN_UNINITIALIZED_AUTOS = YES_AGGRESSIVE;
				GCC_WARN_UNUSED_FUNCTION = YES;
				GCC_WARN_UNUSED_VARIABLE = YES;
				IPHONEOS_DEPLOYMENT_TARGET = 15.0;
				MTL_ENABLE_DEBUG_INFO = INCLUDE_SOURCE;
				MTL_FAST_MATH = YES;
				ONLY_ACTIVE_ARCH = YES;
				SDKROOT = iphoneos;
				SWIFT_ACTIVE_COMPILATION_CONDITIONS = DEBUG;
				SWIFT_OPTIMIZATION_LEVEL = "-Onone";
			};
			name = Debug;
		};
		6AF2B51F27588215005A9B5C /* Release */ = {
			isa = XCBuildConfiguration;
			buildSettings = {
				ALWAYS_SEARCH_USER_PATHS = NO;
				CLANG_ANALYZER_NONNULL = YES;
				CLANG_ANALYZER_NUMBER_OBJECT_CONVERSION = YES_AGGRESSIVE;
				CLANG_CXX_LANGUAGE_STANDARD = "gnu++14";
				CLANG_CXX_LIBRARY = "libc++";
				CLANG_ENABLE_MODULES = YES;
				CLANG_ENABLE_OBJC_ARC = YES;
				CLANG_ENABLE_OBJC_WEAK = YES;
				CLANG_WARN_BLOCK_CAPTURE_AUTORELEASING = YES;
				CLANG_WARN_BOOL_CONVERSION = YES;
				CLANG_WARN_COMMA = YES;
				CLANG_WARN_CONSTANT_CONVERSION = YES;
				CLANG_WARN_DEPRECATED_OBJC_IMPLEMENTATIONS = YES;
				CLANG_WARN_DIRECT_OBJC_ISA_USAGE = YES_ERROR;
				CLANG_WARN_DOCUMENTATION_COMMENTS = YES;
				CLANG_WARN_EMPTY_BODY = YES;
				CLANG_WARN_ENUM_CONVERSION = YES;
				CLANG_WARN_INFINITE_RECURSION = YES;
				CLANG_WARN_INT_CONVERSION = YES;
				CLANG_WARN_NON_LITERAL_NULL_CONVERSION = YES;
				CLANG_WARN_OBJC_IMPLICIT_RETAIN_SELF = YES;
				CLANG_WARN_OBJC_LITERAL_CONVERSION = YES;
				CLANG_WARN_OBJC_ROOT_CLASS = YES_ERROR;
				CLANG_WARN_QUOTED_INCLUDE_IN_FRAMEWORK_HEADER = YES;
				CLANG_WARN_RANGE_LOOP_ANALYSIS = YES;
				CLANG_WARN_STRICT_PROTOTYPES = YES;
				CLANG_WARN_SUSPICIOUS_MOVE = YES;
				CLANG_WARN_UNGUARDED_AVAILABILITY = YES_AGGRESSIVE;
				CLANG_WARN_UNREACHABLE_CODE = YES;
				CLANG_WARN__DUPLICATE_METHOD_MATCH = YES;
				COPY_PHASE_STRIP = NO;
				DEBUG_INFORMATION_FORMAT = "dwarf-with-dsym";
				ENABLE_NS_ASSERTIONS = NO;
				ENABLE_STRICT_OBJC_MSGSEND = YES;
				GCC_C_LANGUAGE_STANDARD = gnu11;
				GCC_NO_COMMON_BLOCKS = YES;
				GCC_WARN_64_TO_32_BIT_CONVERSION = YES;
				GCC_WARN_ABOUT_RETURN_TYPE = YES_ERROR;
				GCC_WARN_UNDECLARED_SELECTOR = YES;
				GCC_WARN_UNINITIALIZED_AUTOS = YES_AGGRESSIVE;
				GCC_WARN_UNUSED_FUNCTION = YES;
				GCC_WARN_UNUSED_VARIABLE = YES;
				IPHONEOS_DEPLOYMENT_TARGET = 15.0;
				MTL_ENABLE_DEBUG_INFO = NO;
				MTL_FAST_MATH = YES;
				SDKROOT = iphoneos;
				SWIFT_COMPILATION_MODE = wholemodule;
				SWIFT_OPTIMIZATION_LEVEL = "-O";
				VALIDATE_PRODUCT = YES;
			};
			name = Release;
		};
		6AF2B52127588215005A9B5C /* Debug */ = {
			isa = XCBuildConfiguration;
			buildSettings = {
				ASSETCATALOG_COMPILER_APPICON_NAME = AppIcon;
				ASSETCATALOG_COMPILER_GLOBAL_ACCENT_COLOR_NAME = AccentColor;
				CODE_SIGN_STYLE = Automatic;
				CURRENT_PROJECT_VERSION = 1;
				DEVELOPMENT_ASSET_PATHS = "\"AsyncAwaitWithMVVM/Preview Content\"";
				DEVELOPMENT_TEAM = J8NYVS8BHV;
				ENABLE_PREVIEWS = YES;
				GENERATE_INFOPLIST_FILE = YES;
				INFOPLIST_KEY_UIApplicationSceneManifest_Generation = YES;
				INFOPLIST_KEY_UIApplicationSupportsIndirectInputEvents = YES;
				INFOPLIST_KEY_UILaunchScreen_Generation = YES;
				INFOPLIST_KEY_UISupportedInterfaceOrientations_iPad = "UIInterfaceOrientationPortrait UIInterfaceOrientationPortraitUpsideDown UIInterfaceOrientationLandscapeLeft UIInterfaceOrientationLandscapeRight";
				INFOPLIST_KEY_UISupportedInterfaceOrientations_iPhone = "UIInterfaceOrientationPortrait UIInterfaceOrientationLandscapeLeft UIInterfaceOrientationLandscapeRight";
				IPHONEOS_DEPLOYMENT_TARGET = 15.0;
				LD_RUNPATH_SEARCH_PATHS = (
					"$(inherited)",
					"@executable_path/Frameworks",
				);
				MARKETING_VERSION = 1.0;
				PRODUCT_BUNDLE_IDENTIFIER = com.pradeep.AsyncAwaitWithMVVM;
				PRODUCT_NAME = "$(TARGET_NAME)";
				SWIFT_EMIT_LOC_STRINGS = YES;
				SWIFT_VERSION = 5.0;
				TARGETED_DEVICE_FAMILY = "1,2";
			};
			name = Debug;
		};
		6AF2B52227588215005A9B5C /* Release */ = {
			isa = XCBuildConfiguration;
			buildSettings = {
				ASSETCATALOG_COMPILER_APPICON_NAME = AppIcon;
				ASSETCATALOG_COMPILER_GLOBAL_ACCENT_COLOR_NAME = AccentColor;
				CODE_SIGN_STYLE = Automatic;
				CURRENT_PROJECT_VERSION = 1;
				DEVELOPMENT_ASSET_PATHS = "\"AsyncAwaitWithMVVM/Preview Content\"";
				DEVELOPMENT_TEAM = J8NYVS8BHV;
				ENABLE_PREVIEWS = YES;
				GENERATE_INFOPLIST_FILE = YES;
				INFOPLIST_KEY_UIApplicationSceneManifest_Generation = YES;
				INFOPLIST_KEY_UIApplicationSupportsIndirectInputEvents = YES;
				INFOPLIST_KEY_UILaunchScreen_Generation = YES;
				INFOPLIST_KEY_UISupportedInterfaceOrientations_iPad = "UIInterfaceOrientationPortrait UIInterfaceOrientationPortraitUpsideDown UIInterfaceOrientationLandscapeLeft UIInterfaceOrientationLandscapeRight";
				INFOPLIST_KEY_UISupportedInterfaceOrientations_iPhone = "UIInterfaceOrientationPortrait UIInterfaceOrientationLandscapeLeft UIInterfaceOrientationLandscapeRight";
				IPHONEOS_DEPLOYMENT_TARGET = 15.0;
				LD_RUNPATH_SEARCH_PATHS = (
					"$(inherited)",
					"@executable_path/Frameworks",
				);
				MARKETING_VERSION = 1.0;
				PRODUCT_BUNDLE_IDENTIFIER = com.pradeep.AsyncAwaitWithMVVM;
				PRODUCT_NAME = "$(TARGET_NAME)";
				SWIFT_EMIT_LOC_STRINGS = YES;
				SWIFT_VERSION = 5.0;
				TARGETED_DEVICE_FAMILY = "1,2";
			};
			name = Release;
		};
/* End XCBuildConfiguration section */

/* Begin XCConfigurationList section */
		6AB8CB582758AFAF00B3E44A /* Build configuration list for PBXNativeTarget "AsyncAwaitWithMVVMTests" */ = {
			isa = XCConfigurationList;
			buildConfigurations = (
				6AB8CB562758AFAF00B3E44A /* Debug */,
				6AB8CB572758AFAF00B3E44A /* Release */,
			);
			defaultConfigurationIsVisible = 0;
			defaultConfigurationName = Release;
		};
		6AF2B50D2758820E005A9B5C /* Build configuration list for PBXProject "AsyncAwaitWithMVVM" */ = {
			isa = XCConfigurationList;
			buildConfigurations = (
				6AF2B51E27588215005A9B5C /* Debug */,
				6AF2B51F27588215005A9B5C /* Release */,
			);
			defaultConfigurationIsVisible = 0;
			defaultConfigurationName = Release;
		};
		6AF2B52027588215005A9B5C /* Build configuration list for PBXNativeTarget "AsyncAwaitWithMVVM" */ = {
			isa = XCConfigurationList;
			buildConfigurations = (
				6AF2B52127588215005A9B5C /* Debug */,
				6AF2B52227588215005A9B5C /* Release */,
			);
			defaultConfigurationIsVisible = 0;
			defaultConfigurationName = Release;
		};
/* End XCConfigurationList section */
	};
	rootObject = 6AF2B50A2758820E005A9B5C /* Project object */;
}
